
Microsoft Visual Studio Solution File, Format Version 12.00
# Visual Studio 14
VisualStudioVersion = 14.0.22823.1
MinimumVisualStudioVersion = 10.0.40219.1
Project("{FAE04EC0-301F-11D3-BF4B-00C04F79EFBC}") = "01.Headphones", "ConsoleApplication1\01.Headphones.csproj", "{188C1AA6-D5FF-4518-B455-3C36C97B1E35}"
EndProject
Project("{FAE04EC0-301F-11D3-BF4B-00C04F79EFBC}") = "02.Boat", "ConsoleApplication2\02.Boat.csproj", "{2791D368-FDF1-4519-B9FD-0A2B48656EC4}"
EndProject
Project("{FAE04EC0-301F-11D3-BF4B-00C04F79EFBC}") = "03.Dress", "ConsoleApplication3\03.Dress.csproj", "{93C98D75-0890-43E1-AEB6-0FC70684E03F}"
EndProject
Project("{FAE04EC0-301F-11D3-BF4B-00C04F79EFBC}") = "04.Plane", "ConsoleApplication4\04.Plane.csproj", "{6A3B5B0B-1BF5-4634-A9C5-543115B7C961}"
EndProject
Project("{FAE04EC0-301F-11D3-BF4B-00C04F79EFBC}") = "05.star", "05\05.star.csproj", "{28E77F4C-D31E-4161-8B0A-C4ECC15CFC96}"
EndProject
Project("{FAE04EC0-301F-11D3-BF4B-00C04F79EFBC}") = "06.Car", "06\06.Car.csproj", "{1E5DC9F0-6B95-4BEA-A7B6-CD30F0309C08}"
EndProject
Project("{FAE04EC0-301F-11D3-BF4B-00C04F79EFBC}") = "07.HouseWithAWindow", "07\07.HouseWithAWindow.csproj", "{75E50C0A-48D4-4AC0-9825-EA2EC154DD13}"
EndProject
Project("{FAE04EC0-301F-11D3-BF4B-00C04F79EFBC}") = "08", "08\08.csproj", "{A8490173-3259-4AC0-AE60-E87FBE0545C4}"
EndProject
Project("{FAE04EC0-301F-11D3-BF4B-00C04F79EFBC}") = "09.SandGlass", "09\09.SandGlass.csproj", "{FDDFC3A6-609C-479B-B326-0543D3AC78A2}"
EndProject
Project("{FAE04EC0-301F-11D3-BF4B-00C04F79EFBC}") = "10.Sunglasses", "10\10.Sunglasses.csproj", "{A2519155-A9B4-410E-B46D-FE50B3B7D381}"
EndProject
Project("{FAE04EC0-301F-11D3-BF4B-00C04F79EFBC}") = "11.TheExplorer", "11\11.TheExplorer.csproj", "{29698416-ADDB-43A0-A4A9-60F77ED4CFE2}"
EndProject
Project("{FAE04EC0-301F-11D3-BF4B-00C04F79EFBC}") = "12.NewHouse", "12\12.NewHouse.csproj", "{530562F4-617D-46D4-BC50-017D48D61433}"
EndProject
Project("{FAE04EC0-301F-11D3-BF4B-00C04F79EFBC}") = "13.Eclipse", "13\13.Eclipse.csproj", "{66C1E310-ECE0-4183-9BC8-F93627F456B9}"
EndProject
Project("{FAE04EC0-301F-11D3-BF4B-00C04F79EFBC}") = "14.EasyHouse", "14\14.EasyHouse.csproj", "{79861010-C472-4588-B1C0-D31CF31DD387}"
EndProject
Project("{FAE04EC0-301F-11D3-BF4B-00C04F79EFBC}") = "15.Arrow", "15.Arrow\15.Arrow.csproj", "{12FF5A25-F2A0-42D5-8904-8CA37EA57719}"
EndProject
Project("{FAE04EC0-301F-11D3-BF4B-00C04F79EFBC}") = "16.WineGlass", "16.WineGlass\16.WineGlass.csproj", "{45104881-6467-4A74-BC27-5CA14D3A40BE}"
EndProject
Project("{FAE04EC0-301F-11D3-BF4B-00C04F79EFBC}") = "20", "20\20.csproj", "{E61955FD-E2FE-40B2-9296-C7185F48DC19}"
EndProject
Global
	GlobalSection(SolutionConfigurationPlatforms) = preSolution
		Debug|Any CPU = Debug|Any CPU
		Release|Any CPU = Release|Any CPU
	EndGlobalSection
	GlobalSection(ProjectConfigurationPlatforms) = postSolution
		{188C1AA6-D5FF-4518-B455-3C36C97B1E35}.Debug|Any CPU.ActiveCfg = Debug|Any CPU
		{188C1AA6-D5FF-4518-B455-3C36C97B1E35}.Debug|Any CPU.Build.0 = Debug|Any CPU
		{188C1AA6-D5FF-4518-B455-3C36C97B1E35}.Release|Any CPU.ActiveCfg = Release|Any CPU
		{188C1AA6-D5FF-4518-B455-3C36C97B1E35}.Release|Any CPU.Build.0 = Release|Any CPU
		{2791D368-FDF1-4519-B9FD-0A2B48656EC4}.Debug|Any CPU.ActiveCfg = Debug|Any CPU
		{2791D368-FDF1-4519-B9FD-0A2B48656EC4}.Debug|Any CPU.Build.0 = Debug|Any CPU
		{2791D368-FDF1-4519-B9FD-0A2B48656EC4}.Release|Any CPU.ActiveCfg = Release|Any CPU
		{2791D368-FDF1-4519-B9FD-0A2B48656EC4}.Release|Any CPU.Build.0 = Release|Any CPU
		{93C98D75-0890-43E1-AEB6-0FC70684E03F}.Debug|Any CPU.ActiveCfg = Debug|Any CPU
		{93C98D75-0890-43E1-AEB6-0FC70684E03F}.Debug|Any CPU.Build.0 = Debug|Any CPU
		{93C98D75-0890-43E1-AEB6-0FC70684E03F}.Release|Any CPU.ActiveCfg = Release|Any CPU
		{93C98D75-0890-43E1-AEB6-0FC70684E03F}.Release|Any CPU.Build.0 = Release|Any CPU
		{6A3B5B0B-1BF5-4634-A9C5-543115B7C961}.Debug|Any CPU.ActiveCfg = Debug|Any CPU
		{6A3B5B0B-1BF5-4634-A9C5-543115B7C961}.Debug|Any CPU.Build.0 = Debug|Any CPU
		{6A3B5B0B-1BF5-4634-A9C5-543115B7C961}.Release|Any CPU.ActiveCfg = Release|Any CPU
		{6A3B5B0B-1BF5-4634-A9C5-543115B7C961}.Release|Any CPU.Build.0 = Release|Any CPU
		{28E77F4C-D31E-4161-8B0A-C4ECC15CFC96}.Debug|Any CPU.ActiveCfg = Debug|Any CPU
		{28E77F4C-D31E-4161-8B0A-C4ECC15CFC96}.Debug|Any CPU.Build.0 = Debug|Any CPU
		{28E77F4C-D31E-4161-8B0A-C4ECC15CFC96}.Release|Any CPU.ActiveCfg = Release|Any CPU
		{28E77F4C-D31E-4161-8B0A-C4ECC15CFC96}.Release|Any CPU.Build.0 = Release|Any CPU
		{1E5DC9F0-6B95-4BEA-A7B6-CD30F0309C08}.Debug|Any CPU.ActiveCfg = Debug|Any CPU
		{1E5DC9F0-6B95-4BEA-A7B6-CD30F0309C08}.Debug|Any CPU.Build.0 = Debug|Any CPU
		{1E5DC9F0-6B95-4BEA-A7B6-CD30F0309C08}.Release|Any CPU.ActiveCfg = Release|Any CPU
		{1E5DC9F0-6B95-4BEA-A7B6-CD30F0309C08}.Release|Any CPU.Build.0 = Release|Any CPU
		{75E50C0A-48D4-4AC0-9825-EA2EC154DD13}.Debug|Any CPU.ActiveCfg = Debug|Any CPU
		{75E50C0A-48D4-4AC0-9825-EA2EC154DD13}.Debug|Any CPU.Build.0 = Debug|Any CPU
		{75E50C0A-48D4-4AC0-9825-EA2EC154DD13}.Release|Any CPU.ActiveCfg = Release|Any CPU
		{75E50C0A-48D4-4AC0-9825-EA2EC154DD13}.Release|Any CPU.Build.0 = Release|Any CPU
		{A8490173-3259-4AC0-AE60-E87FBE0545C4}.Debug|Any CPU.ActiveCfg = Debug|Any CPU
		{A8490173-3259-4AC0-AE60-E87FBE0545C4}.Debug|Any CPU.Build.0 = Debug|Any CPU
		{A8490173-3259-4AC0-AE60-E87FBE0545C4}.Release|Any CPU.ActiveCfg = Release|Any CPU
		{A8490173-3259-4AC0-AE60-E87FBE0545C4}.Release|Any CPU.Build.0 = Release|Any CPU
		{FDDFC3A6-609C-479B-B326-0543D3AC78A2}.Debug|Any CPU.ActiveCfg = Debug|Any CPU
		{FDDFC3A6-609C-479B-B326-0543D3AC78A2}.Debug|Any CPU.Build.0 = Debug|Any CPU
		{FDDFC3A6-609C-479B-B326-0543D3AC78A2}.Release|Any CPU.ActiveCfg = Release|Any CPU
		{FDDFC3A6-609C-479B-B326-0543D3AC78A2}.Release|Any CPU.Build.0 = Release|Any CPU
		{A2519155-A9B4-410E-B46D-FE50B3B7D381}.Debug|Any CPU.ActiveCfg = Debug|Any CPU
		{A2519155-A9B4-410E-B46D-FE50B3B7D381}.Debug|Any CPU.Build.0 = Debug|Any CPU
		{A2519155-A9B4-410E-B46D-FE50B3B7D381}.Release|Any CPU.ActiveCfg = Release|Any CPU
		{A2519155-A9B4-410E-B46D-FE50B3B7D381}.Release|Any CPU.Build.0 = Release|Any CPU
		{29698416-ADDB-43A0-A4A9-60F77ED4CFE2}.Debug|Any CPU.ActiveCfg = Debug|Any CPU
		{29698416-ADDB-43A0-A4A9-60F77ED4CFE2}.Debug|Any CPU.Build.0 = Debug|Any CPU
		{29698416-ADDB-43A0-A4A9-60F77ED4CFE2}.Release|Any CPU.ActiveCfg = Release|Any CPU
		{29698416-ADDB-43A0-A4A9-60F77ED4CFE2}.Release|Any CPU.Build.0 = Release|Any CPU
		{530562F4-617D-46D4-BC50-017D48D61433}.Debug|Any CPU.ActiveCfg = Debug|Any CPU
		{530562F4-617D-46D4-BC50-017D48D61433}.Debug|Any CPU.Build.0 = Debug|Any CPU
		{530562F4-617D-46D4-BC50-017D48D61433}.Release|Any CPU.ActiveCfg = Release|Any CPU
		{530562F4-617D-46D4-BC50-017D48D61433}.Release|Any CPU.Build.0 = Release|Any CPU
		{66C1E310-ECE0-4183-9BC8-F93627F456B9}.Debug|Any CPU.ActiveCfg = Debug|Any CPU
		{66C1E310-ECE0-4183-9BC8-F93627F456B9}.Debug|Any CPU.Build.0 = Debug|Any CPU
		{66C1E310-ECE0-4183-9BC8-F93627F456B9}.Release|Any CPU.ActiveCfg = Release|Any CPU
		{66C1E310-ECE0-4183-9BC8-F93627F456B9}.Release|Any CPU.Build.0 = Release|Any CPU
		{79861010-C472-4588-B1C0-D31CF31DD387}.Debug|Any CPU.ActiveCfg = Debug|Any CPU
		{79861010-C472-4588-B1C0-D31CF31DD387}.Debug|Any CPU.Build.0 = Debug|Any CPU
		{79861010-C472-4588-B1C0-D31CF31DD387}.Release|Any CPU.ActiveCfg = Release|Any CPU
		{79861010-C472-4588-B1C0-D31CF31DD387}.Release|Any CPU.Build.0 = Release|Any CPU
		{12FF5A25-F2A0-42D5-8904-8CA37EA57719}.Debug|Any CPU.ActiveCfg = Debug|Any CPU
		{12FF5A25-F2A0-42D5-8904-8CA37EA57719}.Debug|Any CPU.Build.0 = Debug|Any CPU
		{12FF5A25-F2A0-42D5-8904-8CA37EA57719}.Release|Any CPU.ActiveCfg = Release|Any CPU
		{12FF5A25-F2A0-42D5-8904-8CA37EA57719}.Release|Any CPU.Build.0 = Release|Any CPU
		{45104881-6467-4A74-BC27-5CA14D3A40BE}.Debug|Any CPU.ActiveCfg = Debug|Any CPU
		{45104881-6467-4A74-BC27-5CA14D3A40BE}.Debug|Any CPU.Build.0 = Debug|Any CPU
		{45104881-6467-4A74-BC27-5CA14D3A40BE}.Release|Any CPU.ActiveCfg = Release|Any CPU
		{45104881-6467-4A74-BC27-5CA14D3A40BE}.Release|Any CPU.Build.0 = Release|Any CPU
		{E61955FD-E2FE-40B2-9296-C7185F48DC19}.Debug|Any CPU.ActiveCfg = Debug|Any CPU
		{E61955FD-E2FE-40B2-9296-C7185F48DC19}.Debug|Any CPU.Build.0 = Debug|Any CPU
		{E61955FD-E2FE-40B2-9296-C7185F48DC19}.Release|Any CPU.ActiveCfg = Release|Any CPU
		{E61955FD-E2FE-40B2-9296-C7185F48DC19}.Release|Any CPU.Build.0 = Release|Any CPU
	EndGlobalSection
	GlobalSection(SolutionProperties) = preSolution
		HideSolutionNode = FALSE
	EndGlobalSection
EndGlobal
